<?xml version="1.0" encoding="utf-8"?>
<Project ToolsVersion="4.0" xmlns="http://schemas.microsoft.com/developer/msbuild/2003">
  <ItemGroup>
    <Filter Include="Core">
      <UniqueIdentifier>{bbed6914-2dd2-4bc5-bc30-2d08af82b34c}</UniqueIdentifier>
    </Filter>
    <Filter Include="TerrainAnalyser">
      <UniqueIdentifier>{d7757c2a-6d25-4d71-b1a9-a541b235f2f6}</UniqueIdentifier>
    </Filter>
    <Filter Include="UnitTracker">
      <UniqueIdentifier>{290413a0-ee39-4049-9cda-cf72623da365}</UniqueIdentifier>
    </Filter>
    <Filter Include="Utility">
      <UniqueIdentifier>{a332c82a-f309-4b6a-81ea-63b488bdb4cc}</UniqueIdentifier>
    </Filter>
    <Filter Include="UnitTracker\Skynet">
      <UniqueIdentifier>{674ff6ed-01d6-41dd-9ce6-22cd0f7c27ac}</UniqueIdentifier>
    </Filter>
    <Filter Include="TerrainAnalyser\Skynet">
      <UniqueIdentifier>{ff828603-1ee3-450f-abf1-aa97640b3d05}</UniqueIdentifier>
    </Filter>
    <Filter Include="BaseTracker">
      <UniqueIdentifier>{b0db21c6-b6fb-4817-89e5-3595e3ed1dc4}</UniqueIdentifier>
    </Filter>
    <Filter Include="BaseTracker\Skynet">
      <UniqueIdentifier>{7de606fc-5f78-44b6-acb8-13f2a6a53925}</UniqueIdentifier>
    </Filter>
    <Filter Include="TaskManager">
      <UniqueIdentifier>{2075ce6d-11ad-41f8-bf84-9e356afac91f}</UniqueIdentifier>
    </Filter>
    <Filter Include="TaskManager\Skynet">
      <UniqueIdentifier>{b7e75a12-5db2-4ec3-a3c9-a045101bdc6c}</UniqueIdentifier>
    </Filter>
    <Filter Include="PlayerTracker">
      <UniqueIdentifier>{0ef65af3-7538-4ebc-91c0-5564ec034c5b}</UniqueIdentifier>
    </Filter>
    <Filter Include="PlayerTracker\Skynet">
      <UniqueIdentifier>{b167d2de-6c1f-4b17-8288-a2a7c270c550}</UniqueIdentifier>
    </Filter>
    <Filter Include="TaskManager\Skynet\Requirements">
      <UniqueIdentifier>{cbd658b2-0806-4b6f-b22e-d99546a68c32}</UniqueIdentifier>
    </Filter>
    <Filter Include="Core\Skynet">
      <UniqueIdentifier>{40540470-613a-4f86-9079-36e0b61ff58c}</UniqueIdentifier>
    </Filter>
    <Filter Include="ResourceManager">
      <UniqueIdentifier>{d59ff6da-b630-4bd0-9895-4eaa21f64639}</UniqueIdentifier>
    </Filter>
    <Filter Include="ResourceManager\Skynet">
      <UniqueIdentifier>{40f8f7f6-2f6f-4f55-8fb5-de35b761401e}</UniqueIdentifier>
    </Filter>
    <Filter Include="UnitManager">
      <UniqueIdentifier>{50729baa-ce00-4998-b2af-a3c23ad076dc}</UniqueIdentifier>
    </Filter>
    <Filter Include="UnitManager\Skynet">
      <UniqueIdentifier>{29989414-8fe7-4957-92aa-346f5b2a6b3f}</UniqueIdentifier>
    </Filter>
    <Filter Include="ControlTaskFactory">
      <UniqueIdentifier>{b3d11e07-245e-4bcc-b764-2b7a17f4795a}</UniqueIdentifier>
    </Filter>
    <Filter Include="ControlTaskFactory\SkynetControlTaskFactory">
      <UniqueIdentifier>{1b44c4b2-9c82-49f2-91de-efd669600031}</UniqueIdentifier>
    </Filter>
    <Filter Include="ControlTaskFactory\SkynetControlTaskFactory\Tasks">
      <UniqueIdentifier>{ba6a58ad-1001-4f77-8ab9-fccc38ff2f43}</UniqueIdentifier>
    </Filter>
  </ItemGroup>
  <ItemGroup>
    <ClCompile Include="main.cpp">
      <Filter>Core</Filter>
    </ClCompile>
    <ClCompile Include="UnitGroup.cpp">
      <Filter>UnitTracker</Filter>
    </ClCompile>
    <ClCompile Include="MapUtil.cpp">
      <Filter>Utility</Filter>
    </ClCompile>
    <ClCompile Include="DrawingUtil.cpp">
      <Filter>Utility</Filter>
    </ClCompile>
    <ClCompile Include="SkynetUnit.cpp">
      <Filter>UnitTracker\Skynet</Filter>
    </ClCompile>
    <ClCompile Include="SkynetUnitTracker.cpp">
      <Filter>UnitTracker\Skynet</Filter>
    </ClCompile>
    <ClCompile Include="SkynetTerrainAnalyser.cpp">
      <Filter>TerrainAnalyser\Skynet</Filter>
    </ClCompile>
    <ClCompile Include="SkynetRegion.cpp">
      <Filter>TerrainAnalyser\Skynet</Filter>
    </ClCompile>
    <ClCompile Include="SkynetChokepoint.cpp">
      <Filter>TerrainAnalyser\Skynet</Filter>
    </ClCompile>
    <ClCompile Include="UnitUtil.cpp">
      <Filter>Utility</Filter>
    </ClCompile>
    <ClCompile Include="SkynetBaseLocation.cpp">
      <Filter>TerrainAnalyser\Skynet</Filter>
    </ClCompile>
    <ClCompile Include="DrawBuffer.cpp">
      <Filter>Utility</Filter>
    </ClCompile>
    <ClCompile Include="Window.cpp">
      <Filter>Utility</Filter>
    </ClCompile>
    <ClCompile Include="SkynetBaseTracker.cpp">
      <Filter>BaseTracker\Skynet</Filter>
    </ClCompile>
    <ClCompile Include="SkynetBase.cpp">
      <Filter>BaseTracker\Skynet</Filter>
    </ClCompile>
    <ClCompile Include="SkynetTaskManager.cpp">
      <Filter>TaskManager\Skynet</Filter>
    </ClCompile>
    <ClCompile Include="SkynetPlayerTracker.cpp">
      <Filter>PlayerTracker\Skynet</Filter>
    </ClCompile>
    <ClCompile Include="SkynetPlayer.cpp">
      <Filter>PlayerTracker\Skynet</Filter>
    </ClCompile>
    <ClCompile Include="SkynetTask.cpp">
      <Filter>TaskManager\Skynet</Filter>
    </ClCompile>
    <ClCompile Include="SkynetCore.cpp">
      <Filter>Core\Skynet</Filter>
    </ClCompile>
    <ClCompile Include="CoreModule.cpp">
      <Filter>Core</Filter>
    </ClCompile>
    <ClCompile Include="SkynetResourceManager.cpp">
      <Filter>ResourceManager\Skynet</Filter>
    </ClCompile>
    <ClCompile Include="SkynetUnitManager.cpp">
      <Filter>UnitManager\Skynet</Filter>
    </ClCompile>
    <ClCompile Include="SkynetTaskRequirementUnit.cpp">
      <Filter>TaskManager\Skynet\Requirements</Filter>
    </ClCompile>
    <ClCompile Include="SkynetTaskRequirementResource.cpp">
      <Filter>TaskManager\Skynet\Requirements</Filter>
    </ClCompile>
    <ClCompile Include="SkynetControlTaskFactory.cpp">
      <Filter>ControlTaskFactory\SkynetControlTaskFactory</Filter>
    </ClCompile>
    <ClCompile Include="SkynetControlTaskTrain.cpp">
      <Filter>ControlTaskFactory\SkynetControlTaskFactory\Tasks</Filter>
    </ClCompile>
    <ClCompile Include="SkynetControlTask.cpp">
      <Filter>ControlTaskFactory\SkynetControlTaskFactory\Tasks</Filter>
    </ClCompile>
  </ItemGroup>
  <ItemGroup>
    <ClInclude Include="SmartEnum.h">
      <Filter>Utility</Filter>
    </ClInclude>
    <ClInclude Include="StringUtils.h">
      <Filter>Utility</Filter>
    </ClInclude>
    <ClInclude Include="Unit.h">
      <Filter>UnitTracker</Filter>
    </ClInclude>
    <ClInclude Include="UnitGroup.h">
      <Filter>UnitTracker</Filter>
    </ClInclude>
    <ClInclude Include="Types.h">
      <Filter>Core</Filter>
    </ClInclude>
    <ClInclude Include="MapUtil.h">
      <Filter>Utility</Filter>
    </ClInclude>
    <ClInclude Include="DrawingUtil.h">
      <Filter>Utility</Filter>
    </ClInclude>
    <ClInclude Include="TerrainAnalyser.h">
      <Filter>TerrainAnalyser</Filter>
    </ClInclude>
    <ClInclude Include="UnitTracker.h">
      <Filter>UnitTracker</Filter>
    </ClInclude>
    <ClInclude Include="SkynetUnitTracker.h">
      <Filter>UnitTracker\Skynet</Filter>
    </ClInclude>
    <ClInclude Include="SkynetUnit.h">
      <Filter>UnitTracker\Skynet</Filter>
    </ClInclude>
    <ClInclude Include="SkynetTerrainAnalyser.h">
      <Filter>TerrainAnalyser\Skynet</Filter>
    </ClInclude>
    <ClInclude Include="Chokepoint.h">
      <Filter>TerrainAnalyser</Filter>
    </ClInclude>
    <ClInclude Include="Region.h">
      <Filter>TerrainAnalyser</Filter>
    </ClInclude>
    <ClInclude Include="SkynetRegion.h">
      <Filter>TerrainAnalyser\Skynet</Filter>
    </ClInclude>
    <ClInclude Include="SkynetChokepoint.h">
      <Filter>TerrainAnalyser\Skynet</Filter>
    </ClInclude>
    <ClInclude Include="VectorUnique.h">
      <Filter>Utility</Filter>
    </ClInclude>
    <ClInclude Include="RectangleArray.h">
      <Filter>Utility</Filter>
    </ClInclude>
    <ClInclude Include="Heap.h">
      <Filter>Utility</Filter>
    </ClInclude>
    <ClInclude Include="UnitUtil.h">
      <Filter>Utility</Filter>
    </ClInclude>
    <ClInclude Include="Messaging.h">
      <Filter>Utility</Filter>
    </ClInclude>
    <ClInclude Include="BaseLocation.h">
      <Filter>TerrainAnalyser</Filter>
    </ClInclude>
    <ClInclude Include="SkynetBaseLocation.h">
      <Filter>TerrainAnalyser\Skynet</Filter>
    </ClInclude>
    <ClInclude Include="DrawBuffer.h">
      <Filter>Utility</Filter>
    </ClInclude>
    <ClInclude Include="Window.h">
      <Filter>Utility</Filter>
    </ClInclude>
    <ClInclude Include="BaseTracker.h">
      <Filter>BaseTracker</Filter>
    </ClInclude>
    <ClInclude Include="SkynetBaseTracker.h">
      <Filter>BaseTracker\Skynet</Filter>
    </ClInclude>
    <ClInclude Include="Base.h">
      <Filter>BaseTracker</Filter>
    </ClInclude>
    <ClInclude Include="SkynetBase.h">
      <Filter>BaseTracker\Skynet</Filter>
    </ClInclude>
    <ClInclude Include="TaskManager.h">
      <Filter>TaskManager</Filter>
    </ClInclude>
    <ClInclude Include="SkynetTaskManager.h">
      <Filter>TaskManager\Skynet</Filter>
    </ClInclude>
    <ClInclude Include="Player.h">
      <Filter>PlayerTracker</Filter>
    </ClInclude>
    <ClInclude Include="PlayerTracker.h">
      <Filter>PlayerTracker</Filter>
    </ClInclude>
    <ClInclude Include="SkynetPlayerTracker.h">
      <Filter>PlayerTracker\Skynet</Filter>
    </ClInclude>
    <ClInclude Include="SkynetPlayer.h">
      <Filter>PlayerTracker\Skynet</Filter>
    </ClInclude>
    <ClInclude Include="Task.h">
      <Filter>TaskManager</Filter>
    </ClInclude>
    <ClInclude Include="SkynetTask.h">
      <Filter>TaskManager\Skynet</Filter>
    </ClInclude>
    <ClInclude Include="SkynetCore.h">
      <Filter>Core\Skynet</Filter>
    </ClInclude>
    <ClInclude Include="Core.h">
      <Filter>Core</Filter>
    </ClInclude>
    <ClInclude Include="CoreAccess.h">
      <Filter>Core</Filter>
    </ClInclude>
    <ClInclude Include="CoreModule.h">
      <Filter>Core</Filter>
    </ClInclude>
    <ClInclude Include="SkynetTaskRequirement.h">
      <Filter>TaskManager\Skynet\Requirements</Filter>
    </ClInclude>
    <ClInclude Include="ResourceManager.h">
      <Filter>ResourceManager</Filter>
    </ClInclude>
    <ClInclude Include="SkynetResourceManager.h">
      <Filter>ResourceManager\Skynet</Filter>
    </ClInclude>
    <ClInclude Include="UnitManager.h">
      <Filter>UnitManager</Filter>
    </ClInclude>
    <ClInclude Include="SkynetUnitManager.h">
      <Filter>UnitManager\Skynet</Filter>
    </ClInclude>
    <ClInclude Include="SkynetTaskRequirementUnit.h">
      <Filter>TaskManager\Skynet\Requirements</Filter>
    </ClInclude>
    <ClInclude Include="SkynetTaskRequirementResource.h">
      <Filter>TaskManager\Skynet\Requirements</Filter>
    </ClInclude>
    <ClInclude Include="ControlTaskFactory.h">
      <Filter>ControlTaskFactory</Filter>
    </ClInclude>
    <ClInclude Include="SkynetControlTaskFactory.h">
      <Filter>ControlTaskFactory\SkynetControlTaskFactory</Filter>
    </ClInclude>
    <ClInclude Include="SkynetControlTaskTrain.h">
      <Filter>ControlTaskFactory\SkynetControlTaskFactory\Tasks</Filter>
    </ClInclude>
    <ClInclude Include="ControlTask.h">
      <Filter>ControlTaskFactory</Filter>
    </ClInclude>
    <ClInclude Include="SkynetControlTask.h">
      <Filter>ControlTaskFactory\SkynetControlTaskFactory\Tasks</Filter>
    </ClInclude>
  </ItemGroup>
  <ItemGroup>
    <None Include="Skynet.natvis" />
  </ItemGroup>
  <ItemGroup>
    <Text Include="bwapi.ini" />
  </ItemGroup>
</Project>