<?xml version="1.0" encoding="utf-8"?>
<Project ToolsVersion="4.0" xmlns="http://schemas.microsoft.com/developer/msbuild/2003">
  <ItemGroup>
    <Filter Include="Core">
      <UniqueIdentifier>{bbed6914-2dd2-4bc5-bc30-2d08af82b34c}</UniqueIdentifier>
    </Filter>
    <Filter Include="TerrainAnalyser">
      <UniqueIdentifier>{d7757c2a-6d25-4d71-b1a9-a541b235f2f6}</UniqueIdentifier>
    </Filter>
    <Filter Include="UnitTracker">
      <UniqueIdentifier>{290413a0-ee39-4049-9cda-cf72623da365}</UniqueIdentifier>
    </Filter>
    <Filter Include="Utility">
      <UniqueIdentifier>{a332c82a-f309-4b6a-81ea-63b488bdb4cc}</UniqueIdentifier>
    </Filter>
    <Filter Include="UnitTracker\Skynet">
      <UniqueIdentifier>{674ff6ed-01d6-41dd-9ce6-22cd0f7c27ac}</UniqueIdentifier>
    </Filter>
    <Filter Include="TerrainAnalyser\Skynet">
      <UniqueIdentifier>{ff828603-1ee3-450f-abf1-aa97640b3d05}</UniqueIdentifier>
    </Filter>
  </ItemGroup>
  <ItemGroup>
    <ClCompile Include="main.cpp">
      <Filter>Core</Filter>
    </ClCompile>
    <ClCompile Include="Skynet.cpp">
      <Filter>Core</Filter>
    </ClCompile>
    <ClCompile Include="Access.cpp">
      <Filter>Core</Filter>
    </ClCompile>
    <ClCompile Include="UnitGroup.cpp">
      <Filter>UnitTracker</Filter>
    </ClCompile>
    <ClCompile Include="SkynetInterface.cpp">
      <Filter>Core</Filter>
    </ClCompile>
    <ClCompile Include="MapUtil.cpp">
      <Filter>Utility</Filter>
    </ClCompile>
    <ClCompile Include="DrawingUtil.cpp">
      <Filter>Utility</Filter>
    </ClCompile>
    <ClCompile Include="SkynetUnit.cpp">
      <Filter>UnitTracker\Skynet</Filter>
    </ClCompile>
    <ClCompile Include="SkynetUnitTracker.cpp">
      <Filter>UnitTracker\Skynet</Filter>
    </ClCompile>
    <ClCompile Include="SkynetTerrainAnalyser.cpp">
      <Filter>TerrainAnalyser\Skynet</Filter>
    </ClCompile>
    <ClCompile Include="SkynetRegion.cpp">
      <Filter>TerrainAnalyser\Skynet</Filter>
    </ClCompile>
    <ClCompile Include="SkynetChokepoint.cpp">
      <Filter>TerrainAnalyser\Skynet</Filter>
    </ClCompile>
    <ClCompile Include="UnitUtil.cpp">
      <Filter>Utility</Filter>
    </ClCompile>
    <ClCompile Include="SkynetBaseLocation.cpp">
      <Filter>TerrainAnalyser\Skynet</Filter>
    </ClCompile>
  </ItemGroup>
  <ItemGroup>
    <ClInclude Include="Skynet.h">
      <Filter>Core</Filter>
    </ClInclude>
    <ClInclude Include="SkynetInterface.h">
      <Filter>Core</Filter>
    </ClInclude>
    <ClInclude Include="Access.h">
      <Filter>Core</Filter>
    </ClInclude>
    <ClInclude Include="SmartEnum.h">
      <Filter>Utility</Filter>
    </ClInclude>
    <ClInclude Include="StringUtils.h">
      <Filter>Utility</Filter>
    </ClInclude>
    <ClInclude Include="Unit.h">
      <Filter>UnitTracker</Filter>
    </ClInclude>
    <ClInclude Include="UnitGroup.h">
      <Filter>UnitTracker</Filter>
    </ClInclude>
    <ClInclude Include="Types.h">
      <Filter>Core</Filter>
    </ClInclude>
    <ClInclude Include="MapUtil.h">
      <Filter>Utility</Filter>
    </ClInclude>
    <ClInclude Include="DrawingUtil.h">
      <Filter>Utility</Filter>
    </ClInclude>
    <ClInclude Include="TerrainAnalyser.h">
      <Filter>TerrainAnalyser</Filter>
    </ClInclude>
    <ClInclude Include="UnitTracker.h">
      <Filter>UnitTracker</Filter>
    </ClInclude>
    <ClInclude Include="SkynetUnitTracker.h">
      <Filter>UnitTracker\Skynet</Filter>
    </ClInclude>
    <ClInclude Include="SkynetUnit.h">
      <Filter>UnitTracker\Skynet</Filter>
    </ClInclude>
    <ClInclude Include="SkynetTerrainAnalyser.h">
      <Filter>TerrainAnalyser\Skynet</Filter>
    </ClInclude>
    <ClInclude Include="Chokepoint.h">
      <Filter>TerrainAnalyser</Filter>
    </ClInclude>
    <ClInclude Include="Region.h">
      <Filter>TerrainAnalyser</Filter>
    </ClInclude>
    <ClInclude Include="SkynetRegion.h">
      <Filter>TerrainAnalyser\Skynet</Filter>
    </ClInclude>
    <ClInclude Include="SkynetChokepoint.h">
      <Filter>TerrainAnalyser\Skynet</Filter>
    </ClInclude>
    <ClInclude Include="VectorUnique.h">
      <Filter>Utility</Filter>
    </ClInclude>
    <ClInclude Include="RectangleArray.h">
      <Filter>Utility</Filter>
    </ClInclude>
    <ClInclude Include="Heap.h">
      <Filter>Utility</Filter>
    </ClInclude>
    <ClInclude Include="UnitUtil.h">
      <Filter>Utility</Filter>
    </ClInclude>
    <ClInclude Include="Messaging.h">
      <Filter>Utility</Filter>
    </ClInclude>
    <ClInclude Include="BaseLocation.h">
      <Filter>TerrainAnalyser</Filter>
    </ClInclude>
    <ClInclude Include="SkynetBaseLocation.h">
      <Filter>TerrainAnalyser\Skynet</Filter>
    </ClInclude>
  </ItemGroup>
</Project>